// !$*UTF8*$!
{
	archiveVersion = 1;
	classes = {
	};
	objectVersion = 46;
	objects = {

/* Begin PBXBuildFile section */
		838FA0BD1997027B00C83D46 /* README.md in Sources */ = {isa = PBXBuildFile; fileRef = 838FA0BC1997027B00C83D46 /* README.md */; };
		83AD6AE71996E67F0072947B /* AppDelegate.swift in Sources */ = {isa = PBXBuildFile; fileRef = 83AD6AE61996E67F0072947B /* AppDelegate.swift */; };
		83AD6AEC1996E67F0072947B /* Main.storyboard in Resources */ = {isa = PBXBuildFile; fileRef = 83AD6AEA1996E67F0072947B /* Main.storyboard */; };
		83AD6AEE1996E6800072947B /* Images.xcassets in Resources */ = {isa = PBXBuildFile; fileRef = 83AD6AED1996E6800072947B /* Images.xcassets */; };
		83AD6AFA1996E6810072947B /* PeoplePickerSwiftDemoTests.swift in Sources */ = {isa = PBXBuildFile; fileRef = 83AD6AF91996E6810072947B /* PeoplePickerSwiftDemoTests.swift */; };
		83AD6B041996E6BB0072947B /* PickContactViewController.swift in Sources */ = {isa = PBXBuildFile; fileRef = 83AD6B031996E6BB0072947B /* PickContactViewController.swift */; };
		83AD6B061996E6EA0072947B /* PickEmailViewController.swift in Sources */ = {isa = PBXBuildFile; fileRef = 83AD6B051996E6EA0072947B /* PickEmailViewController.swift */; };
/* End PBXBuildFile section */

/* Begin PBXContainerItemProxy section */
		83AD6AF41996E6810072947B /* PBXContainerItemProxy */ = {
			isa = PBXContainerItemProxy;
			containerPortal = 83AD6AD91996E67E0072947B /* Project object */;
			proxyType = 1;
			remoteGlobalIDString = 83AD6AE01996E67E0072947B;
			remoteInfo = PeoplePickerSwiftDemo;
		};
/* End PBXContainerItemProxy section */

/* Begin PBXFileReference section */
		838FA0BC1997027B00C83D46 /* README.md */ = {isa = PBXFileReference; fileEncoding = 4; lastKnownFileType = net.daringfireball.markdown; path = README.md; sourceTree = "<group>"; };
		83AD6AE11996E67E0072947B /* PeoplePickerSwiftDemo.app */ = {isa = PBXFileReference; explicitFileType = wrapper.application; includeInIndex = 0; path = PeoplePickerSwiftDemo.app; sourceTree = BUILT_PRODUCTS_DIR; };
		83AD6AE51996E67F0072947B /* Info.plist */ = {isa = PBXFileReference; lastKnownFileType = text.plist.xml; path = Info.plist; sourceTree = "<group>"; };
		83AD6AE61996E67F0072947B /* AppDelegate.swift */ = {isa = PBXFileReference; lastKnownFileType = sourcecode.swift; path = AppDelegate.swift; sourceTree = "<group>"; };
		83AD6AEB1996E67F0072947B /* Base */ = {isa = PBXFileReference; lastKnownFileType = file.storyboard; name = Base; path = Base.lproj/Main.storyboard; sourceTree = "<group>"; };
		83AD6AED1996E6800072947B /* Images.xcassets */ = {isa = PBXFileReference; lastKnownFileType = folder.assetcatalog; path = Images.xcassets; sourceTree = "<group>"; };
		83AD6AF31996E6810072947B /* PeoplePickerSwiftDemoTests.xctest */ = {isa = PBXFileReference; explicitFileType = wrapper.cfbundle; includeInIndex = 0; path = PeoplePickerSwiftDemoTests.xctest; sourceTree = BUILT_PRODUCTS_DIR; };
		83AD6AF81996E6810072947B /* Info.plist */ = {isa = PBXFileReference; lastKnownFileType = text.plist.xml; path = Info.plist; sourceTree = "<group>"; };
		83AD6AF91996E6810072947B /* PeoplePickerSwiftDemoTests.swift */ = {isa = PBXFileReference; lastKnownFileType = sourcecode.swift; path = PeoplePickerSwiftDemoTests.swift; sourceTree = "<group>"; };
		83AD6B031996E6BB0072947B /* PickContactViewController.swift */ = {isa = PBXFileReference; fileEncoding = 4; lastKnownFileType = sourcecode.swift; path = PickContactViewController.swift; sourceTree = "<group>"; };
		83AD6B051996E6EA0072947B /* PickEmailViewController.swift */ = {isa = PBXFileReference; fileEncoding = 4; lastKnownFileType = sourcecode.swift; path = PickEmailViewController.swift; sourceTree = "<group>"; };
/* End PBXFileReference section */

/* Begin PBXFrameworksBuildPhase section */
		83AD6ADE1996E67E0072947B /* Frameworks */ = {
			isa = PBXFrameworksBuildPhase;
			buildActionMask = 2147483647;
			files = (
			);
			runOnlyForDeploymentPostprocessing = 0;
		};
		83AD6AF01996E6810072947B /* Frameworks */ = {
			isa = PBXFrameworksBuildPhase;
			buildActionMask = 2147483647;
			files = (
			);
			runOnlyForDeploymentPostprocessing = 0;
		};
/* End PBXFrameworksBuildPhase section */

/* Begin PBXGroup section */
		83AD6AD81996E67E0072947B = {
			isa = PBXGroup;
			children = (
				838FA0BC1997027B00C83D46 /* README.md */,
				83AD6AE31996E67E0072947B /* PeoplePickerSwiftDemo */,
				83AD6AF61996E6810072947B /* PeoplePickerSwiftDemoTests */,
				83AD6AE21996E67E0072947B /* Products */,
			);
			sourceTree = "<group>";
		};
		83AD6AE21996E67E0072947B /* Products */ = {
			isa = PBXGroup;
			children = (
				83AD6AE11996E67E0072947B /* PeoplePickerSwiftDemo.app */,
				83AD6AF31996E6810072947B /* PeoplePickerSwiftDemoTests.xctest */,
			);
			name = Products;
			sourceTree = "<group>";
		};
		83AD6AE31996E67E0072947B /* PeoplePickerSwiftDemo */ = {
			isa = PBXGroup;
			children = (
				83AD6AE61996E67F0072947B /* AppDelegate.swift */,
				83AD6B031996E6BB0072947B /* PickContactViewController.swift */,
				83AD6B051996E6EA0072947B /* PickEmailViewController.swift */,
				83AD6AEA1996E67F0072947B /* Main.storyboard */,
				83AD6AED1996E6800072947B /* Images.xcassets */,
				83AD6AE41996E67F0072947B /* Supporting Files */,
			);
			path = PeoplePickerSwiftDemo;
			sourceTree = "<group>";
		};
		83AD6AE41996E67F0072947B /* Supporting Files */ = {
			isa = PBXGroup;
			children = (
				83AD6AE51996E67F0072947B /* Info.plist */,
			);
			name = "Supporting Files";
			sourceTree = "<group>";
		};
		83AD6AF61996E6810072947B /* PeoplePickerSwiftDemoTests */ = {
			isa = PBXGroup;
			children = (
				83AD6AF91996E6810072947B /* PeoplePickerSwiftDemoTests.swift */,
				83AD6AF71996E6810072947B /* Supporting Files */,
			);
			path = PeoplePickerSwiftDemoTests;
			sourceTree = "<group>";
		};
		83AD6AF71996E6810072947B /* Supporting Files */ = {
			isa = PBXGroup;
			children = (
				83AD6AF81996E6810072947B /* Info.plist */,
			);
			name = "Supporting Files";
			sourceTree = "<group>";
		};
/* End PBXGroup section */

/* Begin PBXNativeTarget section */
		83AD6AE01996E67E0072947B /* PeoplePickerSwiftDemo */ = {
			isa = PBXNativeTarget;
			buildConfigurationList = 83AD6AFD1996E6810072947B /* Build configuration list for PBXNativeTarget "PeoplePickerSwiftDemo" */;
			buildPhases = (
				83AD6ADD1996E67E0072947B /* Sources */,
				83AD6ADE1996E67E0072947B /* Frameworks */,
				83AD6ADF1996E67E0072947B /* Resources */,
			);
			buildRules = (
			);
			dependencies = (
			);
			name = PeoplePickerSwiftDemo;
			productName = PeoplePickerSwiftDemo;
			productReference = 83AD6AE11996E67E0072947B /* PeoplePickerSwiftDemo.app */;
			productType = "com.apple.product-type.application";
		};
		83AD6AF21996E6810072947B /* PeoplePickerSwiftDemoTests */ = {
			isa = PBXNativeTarget;
			buildConfigurationList = 83AD6B001996E6810072947B /* Build configuration list for PBXNativeTarget "PeoplePickerSwiftDemoTests" */;
			buildPhases = (
				83AD6AEF1996E6810072947B /* Sources */,
				83AD6AF01996E6810072947B /* Frameworks */,
				83AD6AF11996E6810072947B /* Resources */,
			);
			buildRules = (
			);
			dependencies = (
				83AD6AF51996E6810072947B /* PBXTargetDependency */,
			);
			name = PeoplePickerSwiftDemoTests;
			productName = PeoplePickerSwiftDemoTests;
			productReference = 83AD6AF31996E6810072947B /* PeoplePickerSwiftDemoTests.xctest */;
			productType = "com.apple.product-type.bundle.unit-test";
		};
/* End PBXNativeTarget section */

/* Begin PBXProject section */
		83AD6AD91996E67E0072947B /* Project object */ = {
			isa = PBXProject;
			attributes = {
				LastUpgradeCheck = 0600;
				ORGANIZATIONNAME = "Robert Ryan";
				TargetAttributes = {
					83AD6AE01996E67E0072947B = {
						CreatedOnToolsVersion = 6.0;
					};
					83AD6AF21996E6810072947B = {
						CreatedOnToolsVersion = 6.0;
						TestTargetID = 83AD6AE01996E67E0072947B;
					};
				};
			};
			buildConfigurationList = 83AD6ADC1996E67E0072947B /* Build configuration list for PBXProject "PeoplePickerSwiftDemo" */;
			compatibilityVersion = "Xcode 3.2";
			developmentRegion = English;
			hasScannedForEncodings = 0;
			knownRegions = (
				en,
				Base,
			);
			mainGroup = 83AD6AD81996E67E0072947B;
			productRefGroup = 83AD6AE21996E67E0072947B /* Products */;
			projectDirPath = "";
			projectRoot = "";
			targets = (
				83AD6AE01996E67E0072947B /* PeoplePickerSwiftDemo */,
				83AD6AF21996E6810072947B /* PeoplePickerSwiftDemoTests */,
			);
		};
/* End PBXProject section */

/* Begin PBXResourcesBuildPhase section */
		83AD6ADF1996E67E0072947B /* Resources */ = {
			isa = PBXResourcesBuildPhase;
			buildActionMask = 2147483647;
			files = (
				83AD6AEC1996E67F0072947B /* Main.storyboard in Resources */,
				83AD6AEE1996E6800072947B /* Images.xcassets in Resources */,
			);
			runOnlyForDeploymentPostprocessing = 0;
		};
		83AD6AF11996E6810072947B /* Resources */ = {
			isa = PBXResourcesBuildPhase;
			buildActionMask = 2147483647;
			files = (
			);
			runOnlyForDeploymentPostprocessing = 0;
		};
/* End PBXResourcesBuildPhase section */

/* Begin PBXSourcesBuildPhase section */
		83AD6ADD1996E67E0072947B /* Sources */ = {
			isa = PBXSourcesBuildPhase;
			buildActionMask = 2147483647;
			files = (
				83AD6B041996E6BB0072947B /* PickContactViewController.swift in Sources */,
				83AD6B061996E6EA0072947B /* PickEmailViewController.swift in Sources */,
				838FA0BD1997027B00C83D46 /* README.md in Sources */,
				83AD6AE71996E67F0072947B /* AppDelegate.swift in Sources */,
			);
			runOnlyForDeploymentPostprocessing = 0;
		};
		83AD6AEF1996E6810072947B /* Sources */ = {
			isa = PBXSourcesBuildPhase;
			buildActionMask = 2147483647;
			files = (
				83AD6AFA1996E6810072947B /* PeoplePickerSwiftDemoTests.swift in Sources */,
			);
			runOnlyForDeploymentPostprocessing = 0;
		};
/* End PBXSourcesBuildPhase section */

/* Begin PBXTargetDependency section */
		83AD6AF51996E6810072947B /* PBXTargetDependency */ = {
			isa = PBXTargetDependency;
			target = 83AD6AE01996E67E0072947B /* PeoplePickerSwiftDemo */;
			targetProxy = 83AD6AF41996E6810072947B /* PBXContainerItemProxy */;
		};
/* End PBXTargetDependency section */

/* Begin PBXVariantGroup section */
		83AD6AEA1996E67F0072947B /* Main.storyboard */ = {
			isa = PBXVariantGroup;
			children = (
				83AD6AEB1996E67F0072947B /* Base */,
			);
			name = Main.storyboard;
			sourceTree = "<group>";
		};
/* End PBXVariantGroup section */

/* Begin XCBuildConfiguration section */
		83AD6AFB1996E6810072947B /* Debug */ = {
			isa = XCBuildConfiguration;
			buildSettings = {
				ALWAYS_SEARCH_USER_PATHS = NO;
				CLANG_CXX_LANGUAGE_STANDARD = "gnu++0x";
				CLANG_CXX_LIBRARY = "libc++";
				CLANG_ENABLE_MODULES = YES;
				CLANG_ENABLE_OBJC_ARC = YES;
				CLANG_WARN_BOOL_CONVERSION = YES;
				CLANG_WARN_CONSTANT_CONVERSION = YES;
				CLANG_WARN_DIRECT_OBJC_ISA_USAGE = YES_ERROR;
				CLANG_WARN_EMPTY_BODY = YES;
				CLANG_WARN_ENUM_CONVERSION = YES;
				CLANG_WARN_INT_CONVERSION = YES;
				CLANG_WARN_OBJC_ROOT_CLASS = YES_ERROR;
				CLANG_WARN_UNREACHABLE_CODE = YES;
				CLANG_WARN__DUPLICATE_METHOD_MATCH = YES;
				"CODE_SIGN_IDENTITY[sdk=iphoneos*]" = "iPhone Developer";
				COPY_PHASE_STRIP = NO;
				ENABLE_STRICT_OBJC_MSGSEND = YES;
				GCC_C_LANGUAGE_STANDARD = gnu99;
				GCC_DYNAMIC_NO_PIC = NO;
				GCC_OPTIMIZATION_LEVEL = 0;
				GCC_PREPROCESSOR_DEFINITIONS = (
					"DEBUG=1",
					"$(inherited)",
				);
				GCC_SYMBOLS_PRIVATE_EXTERN = NO;
				GCC_WARN_64_TO_32_BIT_CONVERSION = YES;
				GCC_WARN_ABOUT_RETURN_TYPE = YES_ERROR;
				GCC_WARN_UNDECLARED_SELECTOR = YES;
				GCC_WARN_UNINITIALIZED_AUTOS = YES_AGGRESSIVE;
				GCC_WARN_UNUSED_FUNCTION = YES;
				GCC_WARN_UNUSED_VARIABLE = YES;
				IPHONEOS_DEPLOYMENT_TARGET = 8.0;
				MTL_ENABLE_DEBUG_INFO = YES;
				ONLY_ACTIVE_ARCH = YES;
				SDKROOT = iphoneos;
				SWIFT_OPTIMIZATION_LEVEL = "-Onone";
			};
			name = Debug;
		};
		83AD6AFC1996E6810072947B /* Release */ = {
			isa = XCBuildConfiguration;
			buildSettings = {
				ALWAYS_SEARCH_USER_PATHS = NO;
				CLANG_CXX_LANGUAGE_STANDARD = "gnu++0x";
				CLANG_CXX_LIBRARY = "libc++";
				CLANG_ENABLE_MODULES = YES;
				CLANG_ENABLE_OBJC_ARC = YES;
				CLANG_WARN_BOOL_CONVERSION = YES;
				CLANG_WARN_CONSTANT_CONVERSION = YES;
				CLANG_WARN_DIRECT_OBJC_ISA_USAGE = YES_ERROR;
				CLANG_WARN_EMPTY_BODY = YES;
				CLANG_WARN_ENUM_CONVERSION = YES;
				CLANG_WARN_INT_CONVERSION = YES;
				CLANG_WARN_OBJC_ROOT_CLASS = YES_ERROR;
				CLANG_WARN_UNREACHABLE_CODE = YES;
				CLANG_WARN__DUPLICATE_METHOD_MATCH = YES;
				"CODE_SIGN_IDENTITY[sdk=iphoneos*]" = "iPhone Developer";
				COPY_PHASE_STRIP = YES;
				ENABLE_NS_ASSERTIONS = NO;
				ENABLE_STRICT_OBJC_MSGSEND = YES;
				GCC_C_LANGUAGE_STANDARD = gnu99;
				GCC_WARN_64_TO_32_BIT_CONVERSION = YES;
				GCC_WARN_ABOUT_RETURN_TYPE = YES_ERROR;
				GCC_WARN_UNDECLARED_SELECTOR = YES;
				GCC_WARN_UNINITIALIZED_AUTOS = YES_AGGRESSIVE;
				GCC_WARN_UNUSED_FUNCTION = YES;
				GCC_WARN_UNUSED_VARIABLE = YES;
				IPHONEOS_DEPLOYMENT_TARGET = 8.0;
				MTL_ENABLE_DEBUG_INFO = NO;
				SDKROOT = iphoneos;
				VALIDATE_PRODUCT = YES;
			};
			name = Release;
		};
		83AD6AFE1996E6810072947B /* Debug */ = {
			isa = XCBuildConfiguration;
			buildSettings = {
				ASSETCATALOG_COMPILER_APPICON_NAME = AppIcon;
				ASSETCATALOG_COMPILER_LAUNCHIMAGE_NAME = LaunchImage;
				INFOPLIST_FILE = PeoplePickerSwiftDemo/Info.plist;
				LD_RUNPATH_SEARCH_PATHS = "$(inherited) @executable_path/Frameworks";
				PRODUCT_NAME = "$(TARGET_NAME)";
			};
			name = Debug;
		};
		83AD6AFF1996E6810072947B /* Release */ = {
			isa = XCBuildConfiguration;
			buildSettings = {
				ASSETCATALOG_COMPILER_APPICON_NAME = AppIcon;
				ASSETCATALOG_COMPILER_LAUNCHIMAGE_NAME = LaunchImage;
				INFOPLIST_FILE = PeoplePickerSwiftDemo/Info.plist;
				LD_RUNPATH_SEARCH_PATHS = "$(inherited) @executable_path/Frameworks";
				PRODUCT_NAME = "$(TARGET_NAME)";
			};
			name = Release;
		};
		83AD6B011996E6810072947B /* Debug */ = {
			isa = XCBuildConfiguration;
			buildSettings = {
				BUNDLE_LOADER = "$(TEST_HOST)";
				FRAMEWORK_SEARCH_PATHS = (
					"$(SDKROOT)/Developer/Library/Frameworks",
					"$(inherited)",
				);
				GCC_PREPROCESSOR_DEFINITIONS = (
					"DEBUG=1",
					"$(inherited)",
				);
				INFOPLIST_FILE = PeoplePickerSwiftDemoTests/Info.plist;
				LD_RUNPATH_SEARCH_PATHS = "$(inherited) @executable_path/Frameworks @loader_path/Frameworks";
				PRODUCT_NAME = "$(TARGET_NAME)";
				TEST_HOST = "$(BUILT_PRODUCTS_DIR)/PeoplePickerSwiftDemo.app/PeoplePickerSwiftDemo";
			};
			name = Debug;
		};
		83AD6B021996E6810072947B /* Release */ = {
			isa = XCBuildConfiguration;
			buildSettings = {
				BUNDLE_LOADER = "$(TEST_HOST)";
				FRAMEWORK_SEARCH_PATHS = (
					"$(SDKROOT)/Developer/Library/Frameworks",
					"$(inherited)",
				);
				INFOPLIST_FILE = PeoplePickerSwiftDemoTests/Info.plist;
				LD_RUNPATH_SEARCH_PATHS = "$(inherited) @executable_path/Frameworks @loader_path/Frameworks";
				PRODUCT_NAME = "$(TARGET_NAME)";
				TEST_HOST = "$(BUILT_PRODUCTS_DIR)/PeoplePickerSwiftDemo.app/PeoplePickerSwiftDemo";
			};
			name = Release;
		};
/* End XCBuildConfiguration section */

/* Begin XCConfigurationList section */
		83AD6ADC1996E67E0072947B /* Build configuration list for PBXProject "PeoplePickerSwiftDemo" */ = {
			isa = XCConfigurationList;
			buildConfigurations = (
				83AD6AFB1996E6810072947B /* Debug */,
				83AD6AFC1996E6810072947B /* Release */,
			);
			defaultConfigurationIsVisible = 0;
			defaultConfigurationName = Release;
		};
		83AD6AFD1996E6810072947B /* Build configuration list for PBXNativeTarget "PeoplePickerSwiftDemo" */ = {
			isa = XCConfigurationList;
			buildConfigurations = (
				83AD6AFE1996E6810072947B /* Debug */,
				83AD6AFF1996E6810072947B /* Release */,
			);
			defaultConfigurationIsVisible = 0;
			defaultConfigurationName = Release;
		};
		83AD6B001996E6810072947B /* Build configuration list for PBXNativeTarget "PeoplePickerSwiftDemoTests" */ = {
			isa = XCConfigurationList;
			buildConfigurations = (
				83AD6B011996E6810072947B /* Debug */,
				83AD6B021996E6810072947B /* Release */,
			);
			defaultConfigurationIsVisible = 0;
			defaultConfigurationName = Release;
		};
/* End XCConfigurationList section */
	};
	rootObject = 83AD6AD91996E67E0072947B /* Project object */;
}
